# This file is automatically @generated by Cargo.
# It is not intended for manual editing.
version = 3

[[package]]
name = "asm-compiler"
version = "0.1.0"

[[package]]
name = "emulator"
version = "0.1.0"

[[package]]
name = "hl-compiler"
version = "0.1.0"

[[package]]
name = "tc-compiler"
version = "0.1.0"
dependencies = [
 "asm-compiler",
 "emulator",
 "hl-compiler",
]
